
Microsoft Visual Studio Solution File, Format Version 12.00
# Visual Studio Version 16
VisualStudioVersion = 16.0.31911.196
MinimumVisualStudioVersion = 10.0.40219.1
Project("{8BC9CEB8-8B4A-11D0-8D11-00A0C91BC942}") = "AquaLangLib", "AquaLangLib\AquaLangLib.vcxproj", "{8AB52B70-5E0D-442D-A0B8-0C9B6972B141}"
EndProject
Project("{8BC9CEB8-8B4A-11D0-8D11-00A0C91BC942}") = "AquaLangApp", "AquaLangApp\AquaLangApp.vcxproj", "{93B493C0-77D0-4942-AB32-68D35C432D95}"
EndProject
Project("{8BC9CEB8-8B4A-11D0-8D11-00A0C91BC942}") = "AutoStartSetter", "AutoStartSetter\AutoStartSetter.vcxproj", "{9084F805-AB9F-4446-A181-A9C9A14CD111}"
EndProject
Global
	GlobalSection(SolutionConfigurationPlatforms) = preSolution
		Debug|Win32 = Debug|Win32
		Release|Win32 = Release|Win32
	EndGlobalSection
	GlobalSection(ProjectConfigurationPlatforms) = postSolution
		{8AB52B70-5E0D-442D-A0B8-0C9B6972B141}.Debug|Win32.ActiveCfg = Debug|Win32
		{8AB52B70-5E0D-442D-A0B8-0C9B6972B141}.Debug|Win32.Build.0 = Debug|Win32
		{8AB52B70-5E0D-442D-A0B8-0C9B6972B141}.Release|Win32.ActiveCfg = Release|Win32
		{8AB52B70-5E0D-442D-A0B8-0C9B6972B141}.Release|Win32.Build.0 = Release|Win32
		{93B493C0-77D0-4942-AB32-68D35C432D95}.Debug|Win32.ActiveCfg = Debug|Win32
		{93B493C0-77D0-4942-AB32-68D35C432D95}.Debug|Win32.Build.0 = Debug|Win32
		{93B493C0-77D0-4942-AB32-68D35C432D95}.Release|Win32.ActiveCfg = Release|Win32
		{93B493C0-77D0-4942-AB32-68D35C432D95}.Release|Win32.Build.0 = Release|Win32
		{9084F805-AB9F-4446-A181-A9C9A14CD111}.Debug|Win32.ActiveCfg = Debug|Win32
		{9084F805-AB9F-4446-A181-A9C9A14CD111}.Debug|Win32.Build.0 = Debug|Win32
		{9084F805-AB9F-4446-A181-A9C9A14CD111}.Release|Win32.ActiveCfg = Release|Win32
		{9084F805-AB9F-4446-A181-A9C9A14CD111}.Release|Win32.Build.0 = Release|Win32
	EndGlobalSection
	GlobalSection(SolutionProperties) = preSolution
		HideSolutionNode = FALSE
	EndGlobalSection
	GlobalSection(ExtensibilityGlobals) = postSolution
		SolutionGuid = {6E828CBA-7156-44FA-959E-4FC58F888528}
	EndGlobalSection
EndGlobal
